
Microsoft Visual Studio Solution File, Format Version 12.00
# Visual Studio Version 16
VisualStudioVersion = 16.0.31205.134
MinimumVisualStudioVersion = 10.0.40219.1
Project("{FAE04EC0-301F-11D3-BF4B-00C04F79EFBC}") = "Prueba_Dawin", "Prueba_Dawin.csproj", "{38600402-CE1A-4E11-82F9-E148623F2F69}"
EndProject
Global
	GlobalSection(SolutionConfigurationPlatforms) = preSolution
		Debug|Any CPU = Debug|Any CPU
		Release|Any CPU = Release|Any CPU
	EndGlobalSection
	GlobalSection(ProjectConfigurationPlatforms) = postSolution
		{38600402-CE1A-4E11-82F9-E148623F2F69}.Debug|Any CPU.ActiveCfg = Debug|Any CPU
		{38600402-CE1A-4E11-82F9-E148623F2F69}.Debug|Any CPU.Build.0 = Debug|Any CPU
		{38600402-CE1A-4E11-82F9-E148623F2F69}.Release|Any CPU.ActiveCfg = Release|Any CPU
		{38600402-CE1A-4E11-82F9-E148623F2F69}.Release|Any CPU.Build.0 = Release|Any CPU
	EndGlobalSection
	GlobalSection(SolutionProperties) = preSolution
		HideSolutionNode = FALSE
	EndGlobalSection
	GlobalSection(ExtensibilityGlobals) = postSolution
		SolutionGuid = {649220B0-01C0-445C-BF43-D7471C84FB11}
	EndGlobalSection
EndGlobal
